
Microsoft Visual Studio Solution File, Format Version 12.00
# Visual Studio Version 16
VisualStudioVersion = 16.0.31729.503
MinimumVisualStudioVersion = 10.0.40219.1
Project("{FAE04EC0-301F-11D3-BF4B-00C04F79EFBC}") = "Core", "Core\Core.csproj", "{F6A8B052-B01F-42B7-9501-699A2043D99F}"
EndProject
Project("{FAE04EC0-301F-11D3-BF4B-00C04F79EFBC}") = "CoreEditor", "CoreEditor\CoreEditor.csproj", "{EC6CF961-ACB5-4BE9-A388-6CA3E4B2ADDA}"
EndProject
Global
	GlobalSection(SolutionConfigurationPlatforms) = preSolution
		Debug|Any CPU = Debug|Any CPU
		Release|Any CPU = Release|Any CPU
	EndGlobalSection
	GlobalSection(ProjectConfigurationPlatforms) = postSolution
		{F6A8B052-B01F-42B7-9501-699A2043D99F}.Debug|Any CPU.ActiveCfg = Debug|Any CPU
		{F6A8B052-B01F-42B7-9501-699A2043D99F}.Debug|Any CPU.Build.0 = Debug|Any CPU
		{F6A8B052-B01F-42B7-9501-699A2043D99F}.Release|Any CPU.ActiveCfg = Release|Any CPU
		{F6A8B052-B01F-42B7-9501-699A2043D99F}.Release|Any CPU.Build.0 = Release|Any CPU
		{EC6CF961-ACB5-4BE9-A388-6CA3E4B2ADDA}.Debug|Any CPU.ActiveCfg = Debug|Any CPU
		{EC6CF961-ACB5-4BE9-A388-6CA3E4B2ADDA}.Debug|Any CPU.Build.0 = Debug|Any CPU
		{EC6CF961-ACB5-4BE9-A388-6CA3E4B2ADDA}.Release|Any CPU.ActiveCfg = Release|Any CPU
		{EC6CF961-ACB5-4BE9-A388-6CA3E4B2ADDA}.Release|Any CPU.Build.0 = Release|Any CPU
	EndGlobalSection
	GlobalSection(SolutionProperties) = preSolution
		HideSolutionNode = FALSE
	EndGlobalSection
	GlobalSection(ExtensibilityGlobals) = postSolution
		SolutionGuid = {ABFBC70B-FE2B-4DD6-B960-07EB13CC28C3}
	EndGlobalSection
EndGlobal
